
Microsoft Visual Studio Solution File, Format Version 12.00
# Visual Studio 15
VisualStudioVersion = 15.0.28307.1321
MinimumVisualStudioVersion = 10.0.40219.1
Project("{FAE04EC0-301F-11D3-BF4B-00C04F79EFBC}") = "Service", "WebApplication1\Service.csproj", "{9DB35CBD-0ABE-4BE7-BD4B-C437245819CC}"
EndProject
Global
	GlobalSection(SolutionConfigurationPlatforms) = preSolution
		Debug|Any CPU = Debug|Any CPU
		Release|Any CPU = Release|Any CPU
	EndGlobalSection
	GlobalSection(ProjectConfigurationPlatforms) = postSolution
		{9DB35CBD-0ABE-4BE7-BD4B-C437245819CC}.Debug|Any CPU.ActiveCfg = Debug|Any CPU
		{9DB35CBD-0ABE-4BE7-BD4B-C437245819CC}.Debug|Any CPU.Build.0 = Debug|Any CPU
		{9DB35CBD-0ABE-4BE7-BD4B-C437245819CC}.Release|Any CPU.ActiveCfg = Release|Any CPU
		{9DB35CBD-0ABE-4BE7-BD4B-C437245819CC}.Release|Any CPU.Build.0 = Release|Any CPU
	EndGlobalSection
	GlobalSection(SolutionProperties) = preSolution
		HideSolutionNode = FALSE
	EndGlobalSection
	GlobalSection(ExtensibilityGlobals) = postSolution
		SolutionGuid = {114DAC94-6D87-481E-92D4-9BF153D07C20}
	EndGlobalSection
EndGlobal
